
Microsoft Visual Studio Solution File, Format Version 12.00
Project("{FAE04EC0-301F-11D3-BF4B-00C04F79EFBC}") = "LogSerilog.Api", "LogSerilog.Api\LogSerilog.Api.csproj", "{13D5BC0F-8805-4451-BAD2-1EBC3D8244A8}"
EndProject
Global
	GlobalSection(SolutionConfigurationPlatforms) = preSolution
		Debug|Any CPU = Debug|Any CPU
		Release|Any CPU = Release|Any CPU
	EndGlobalSection
	GlobalSection(ProjectConfigurationPlatforms) = postSolution
		{13D5BC0F-8805-4451-BAD2-1EBC3D8244A8}.Debug|Any CPU.ActiveCfg = Debug|Any CPU
		{13D5BC0F-8805-4451-BAD2-1EBC3D8244A8}.Debug|Any CPU.Build.0 = Debug|Any CPU
		{13D5BC0F-8805-4451-BAD2-1EBC3D8244A8}.Release|Any CPU.ActiveCfg = Release|Any CPU
		{13D5BC0F-8805-4451-BAD2-1EBC3D8244A8}.Release|Any CPU.Build.0 = Release|Any CPU
	EndGlobalSection
EndGlobal
